// !$*UTF8*$!
{
	archiveVersion = 1;
	classes = {
	};
	objectVersion = 50;
	objects = {

/* Begin PBXBuildFile section */
		232F0B642074A0E600A9813E /* AppDelegate.swift in Sources */ = {isa = PBXBuildFile; fileRef = 232F0B632074A0E600A9813E /* AppDelegate.swift */; };
		232F0B662074A0E600A9813E /* ViewController.swift in Sources */ = {isa = PBXBuildFile; fileRef = 232F0B652074A0E600A9813E /* ViewController.swift */; };
		232F0B692074A0E600A9813E /* Main.storyboard in Resources */ = {isa = PBXBuildFile; fileRef = 232F0B672074A0E600A9813E /* Main.storyboard */; };
		232F0B6B2074A0E800A9813E /* Assets.xcassets in Resources */ = {isa = PBXBuildFile; fileRef = 232F0B6A2074A0E800A9813E /* Assets.xcassets */; };
		232F0B6E2074A0E800A9813E /* LaunchScreen.storyboard in Resources */ = {isa = PBXBuildFile; fileRef = 232F0B6C2074A0E800A9813E /* LaunchScreen.storyboard */; };
/* End PBXBuildFile section */

/* Begin PBXFileReference section */
		232F0B602074A0E600A9813E /* Album.app */ = {isa = PBXFileReference; explicitFileType = wrapper.application; includeInIndex = 0; path = Album.app; sourceTree = BUILT_PRODUCTS_DIR; };
		232F0B632074A0E600A9813E /* AppDelegate.swift */ = {isa = PBXFileReference; lastKnownFileType = sourcecode.swift; path = AppDelegate.swift; sourceTree = "<group>"; };
		232F0B652074A0E600A9813E /* ViewController.swift */ = {isa = PBXFileReference; lastKnownFileType = sourcecode.swift; path = ViewController.swift; sourceTree = "<group>"; };
		232F0B682074A0E600A9813E /* Base */ = {isa = PBXFileReference; lastKnownFileType = file.storyboard; name = Base; path = Base.lproj/Main.storyboard; sourceTree = "<group>"; };
		232F0B6A2074A0E800A9813E /* Assets.xcassets */ = {isa = PBXFileReference; lastKnownFileType = folder.assetcatalog; path = Assets.xcassets; sourceTree = "<group>"; };
		232F0B6D2074A0E800A9813E /* Base */ = {isa = PBXFileReference; lastKnownFileType = file.storyboard; name = Base; path = Base.lproj/LaunchScreen.storyboard; sourceTree = "<group>"; };
		232F0B6F2074A0E800A9813E /* Info.plist */ = {isa = PBXFileReference; lastKnownFileType = text.plist.xml; path = Info.plist; sourceTree = "<group>"; };
/* End PBXFileReference section */

/* Begin PBXFrameworksBuildPhase section */
		232F0B5D2074A0E600A9813E /* Frameworks */ = {
			isa = PBXFrameworksBuildPhase;
			buildActionMask = 2147483647;
			files = (
			);
			runOnlyForDeploymentPostprocessing = 0;
		};
/* End PBXFrameworksBuildPhase section */

/* Begin PBXGroup section */
		232F0B572074A0E600A9813E = {
			isa = PBXGroup;
			children = (
				232F0B622074A0E600A9813E /* Album */,
				232F0B612074A0E600A9813E /* Products */,
			);
			sourceTree = "<group>";
		};
		232F0B612074A0E600A9813E /* Products */ = {
			isa = PBXGroup;
			children = (
				232F0B602074A0E600A9813E /* Album.app */,
			);
			name = Products;
			sourceTree = "<group>";
		};
		232F0B622074A0E600A9813E /* Album */ = {
			isa = PBXGroup;
			children = (
				232F0B632074A0E600A9813E /* AppDelegate.swift */,
				232F0B652074A0E600A9813E /* ViewController.swift */,
				232F0B672074A0E600A9813E /* Main.storyboard */,
				232F0B6A2074A0E800A9813E /* Assets.xcassets */,
				232F0B6C2074A0E800A9813E /* LaunchScreen.storyboard */,
				232F0B6F2074A0E800A9813E /* Info.plist */,
			);
			path = Album;
			sourceTree = "<group>";
		};
/* End PBXGroup section */

/* Begin PBXNativeTarget section */
		232F0B5F2074A0E600A9813E /* Album */ = {
			isa = PBXNativeTarget;
			buildConfigurationList = 232F0B722074A0E800A9813E /* Build configuration list for PBXNativeTarget "Album" */;
			buildPhases = (
				232F0B5C2074A0E600A9813E /* Sources */,
				232F0B5D2074A0E600A9813E /* Frameworks */,
				232F0B5E2074A0E600A9813E /* Resources */,
			);
			buildRules = (
			);
			dependencies = (
			);
			name = Album;
			productName = Album;
			productReference = 232F0B602074A0E600A9813E /* Album.app */;
			productType = "com.apple.product-type.application";
		};
/* End PBXNativeTarget section */

/* Begin PBXProject section */
		232F0B582074A0E600A9813E /* Project object */ = {
			isa = PBXProject;
			attributes = {
				LastSwiftUpdateCheck = 0930;
				LastUpgradeCheck = 0930;
				ORGANIZATIONNAME = NguyenDucToan;
				TargetAttributes = {
					232F0B5F2074A0E600A9813E = {
						CreatedOnToolsVersion = 9.3;
					};
				};
			};
			buildConfigurationList = 232F0B5B2074A0E600A9813E /* Build configuration list for PBXProject "Album" */;
			compatibilityVersion = "Xcode 9.3";
			developmentRegion = en;
			hasScannedForEncodings = 0;
			knownRegions = (
				en,
				Base,
			);
			mainGroup = 232F0B572074A0E600A9813E;
			productRefGroup = 232F0B612074A0E600A9813E /* Products */;
			projectDirPath = "";
			projectRoot = "";
			targets = (
				232F0B5F2074A0E600A9813E /* Album */,
			);
		};
/* End PBXProject section */

/* Begin PBXResourcesBuildPhase section */
		232F0B5E2074A0E600A9813E /* Resources */ = {
			isa = PBXResourcesBuildPhase;
			buildActionMask = 2147483647;
			files = (
				232F0B6E2074A0E800A9813E /* LaunchScreen.storyboard in Resources */,
				232F0B6B2074A0E800A9813E /* Assets.xcassets in Resources */,
				232F0B692074A0E600A9813E /* Main.storyboard in Resources */,
			);
			runOnlyForDeploymentPostprocessing = 0;
		};
/* End PBXResourcesBuildPhase section */

/* Begin PBXSourcesBuildPhase section */
		232F0B5C2074A0E600A9813E /* Sources */ = {
			isa = PBXSourcesBuildPhase;
			buildActionMask = 2147483647;
			files = (
				232F0B662074A0E600A9813E /* ViewController.swift in Sources */,
				232F0B642074A0E600A9813E /* AppDelegate.swift in Sources */,
			);
			runOnlyForDeploymentPostprocessing = 0;
		};
/* End PBXSourcesBuildPhase section */

/* Begin PBXVariantGroup section */
		232F0B672074A0E600A9813E /* Main.storyboard */ = {
			isa = PBXVariantGroup;
			children = (
				232F0B682074A0E600A9813E /* Base */,
			);
			name = Main.storyboard;
			sourceTree = "<group>";
		};
		232F0B6C2074A0E800A9813E /* LaunchScreen.storyboard */ = {
			isa = PBXVariantGroup;
			children = (
				232F0B6D2074A0E800A9813E /* Base */,
			);
			name = LaunchScreen.storyboard;
			sourceTree = "<group>";
		};
/* End PBXVariantGroup section */

/* Begin XCBuildConfiguration section */
		232F0B702074A0E800A9813E /* Debug */ = {
			isa = XCBuildConfiguration;
			buildSettings = {
				ALWAYS_SEARCH_USER_PATHS = NO;
				CLANG_ANALYZER_NONNULL = YES;
				CLANG_ANALYZER_NUMBER_OBJECT_CONVERSION = YES_AGGRESSIVE;
				CLANG_CXX_LANGUAGE_STANDARD = "gnu++14";
				CLANG_CXX_LIBRARY = "libc++";
				CLANG_ENABLE_MODULES = YES;
				CLANG_ENABLE_OBJC_ARC = YES;
				CLANG_ENABLE_OBJC_WEAK = YES;
				CLANG_WARN_BLOCK_CAPTURE_AUTORELEASING = YES;
				CLANG_WARN_BOOL_CONVERSION = YES;
				CLANG_WARN_COMMA = YES;
				CLANG_WARN_CONSTANT_CONVERSION = YES;
				CLANG_WARN_DEPRECATED_OBJC_IMPLEMENTATIONS = YES;
				CLANG_WARN_DIRECT_OBJC_ISA_USAGE = YES_ERROR;
				CLANG_WARN_DOCUMENTATION_COMMENTS = YES;
				CLANG_WARN_EMPTY_BODY = YES;
				CLANG_WARN_ENUM_CONVERSION = YES;
				CLANG_WARN_INFINITE_RECURSION = YES;
				CLANG_WARN_INT_CONVERSION = YES;
				CLANG_WARN_NON_LITERAL_NULL_CONVERSION = YES;
				CLANG_WARN_OBJC_IMPLICIT_RETAIN_SELF = YES;
				CLANG_WARN_OBJC_LITERAL_CONVERSION = YES;
				CLANG_WARN_OBJC_ROOT_CLASS = YES_ERROR;
				CLANG_WARN_RANGE_LOOP_ANALYSIS = YES;
				CLANG_WARN_STRICT_PROTOTYPES = YES;
				CLANG_WARN_SUSPICIOUS_MOVE = YES;
				CLANG_WARN_UNGUARDED_AVAILABILITY = YES_AGGRESSIVE;
				CLANG_WARN_UNREACHABLE_CODE = YES;
				CLANG_WARN__DUPLICATE_METHOD_MATCH = YES;
				CODE_SIGN_IDENTITY = "iPhone Developer";
				COPY_PHASE_STRIP = NO;
				DEBUG_INFORMATION_FORMAT = dwarf;
				ENABLE_STRICT_OBJC_MSGSEND = YES;
				ENABLE_TESTABILITY = YES;
				GCC_C_LANGUAGE_STANDARD = gnu11;
				GCC_DYNAMIC_NO_PIC = NO;
				GCC_NO_COMMON_BLOCKS = YES;
				GCC_OPTIMIZATION_LEVEL = 0;
				GCC_PREPROCESSOR_DEFINITIONS = (
					"DEBUG=1",
					"$(inherited)",
				);
				GCC_WARN_64_TO_32_BIT_CONVERSION = YES;
				GCC_WARN_ABOUT_RETURN_TYPE = YES_ERROR;
				GCC_WARN_UNDECLARED_SELECTOR = YES;
				GCC_WARN_UNINITIALIZED_AUTOS = YES_AGGRESSIVE;
				GCC_WARN_UNUSED_FUNCTION = YES;
				GCC_WARN_UNUSED_VARIABLE = YES;
				IPHONEOS_DEPLOYMENT_TARGET = 11.3;
				MTL_ENABLE_DEBUG_INFO = YES;
				ONLY_ACTIVE_ARCH = YES;
				SDKROOT = iphoneos;
				SWIFT_ACTIVE_COMPILATION_CONDITIONS = DEBUG;
				SWIFT_OPTIMIZATION_LEVEL = "-Onone";
			};
			name = Debug;
		};
		232F0B712074A0E800A9813E /* Release */ = {
			isa = XCBuildConfiguration;
			buildSettings = {
				ALWAYS_SEARCH_USER_PATHS = NO;
				CLANG_ANALYZER_NONNULL = YES;
				CLANG_ANALYZER_NUMBER_OBJECT_CONVERSION = YES_AGGRESSIVE;
				CLANG_CXX_LANGUAGE_STANDARD = "gnu++14";
				CLANG_CXX_LIBRARY = "libc++";
				CLANG_ENABLE_MODULES = YES;
				CLANG_ENABLE_OBJC_ARC = YES;
				CLANG_ENABLE_OBJC_WEAK = YES;
				CLANG_WARN_BLOCK_CAPTURE_AUTORELEASING = YES;
				CLANG_WARN_BOOL_CONVERSION = YES;
				CLANG_WARN_COMMA = YES;
				CLANG_WARN_CONSTANT_CONVERSION = YES;
				CLANG_WARN_DEPRECATED_OBJC_IMPLEMENTATIONS = YES;
				CLANG_WARN_DIRECT_OBJC_ISA_USAGE = YES_ERROR;
				CLANG_WARN_DOCUMENTATION_COMMENTS = YES;
				CLANG_WARN_EMPTY_BODY = YES;
				CLANG_WARN_ENUM_CONVERSION = YES;
				CLANG_WARN_INFINITE_RECURSION = YES;
				CLANG_WARN_INT_CONVERSION = YES;
				CLANG_WARN_NON_LITERAL_NULL_CONVERSION = YES;
				CLANG_WARN_OBJC_IMPLICIT_RETAIN_SELF = YES;
				CLANG_WARN_OBJC_LITERAL_CONVERSION = YES;
				CLANG_WARN_OBJC_ROOT_CLASS = YES_ERROR;
				CLANG_WARN_RANGE_LOOP_ANALYSIS = YES;
				CLANG_WARN_STRICT_PROTOTYPES = YES;
				CLANG_WARN_SUSPICIOUS_MOVE = YES;
				CLANG_WARN_UNGUARDED_AVAILABILITY = YES_AGGRESSIVE;
				CLANG_WARN_UNREACHABLE_CODE = YES;
				CLANG_WARN__DUPLICATE_METHOD_MATCH = YES;
				CODE_SIGN_IDENTITY = "iPhone Developer";
				COPY_PHASE_STRIP = NO;
				DEBUG_INFORMATION_FORMAT = "dwarf-with-dsym";
				ENABLE_NS_ASSERTIONS = NO;
				ENABLE_STRICT_OBJC_MSGSEND = YES;
				GCC_C_LANGUAGE_STANDARD = gnu11;
				GCC_NO_COMMON_BLOCKS = YES;
				GCC_WARN_64_TO_32_BIT_CONVERSION = YES;
				GCC_WARN_ABOUT_RETURN_TYPE = YES_ERROR;
				GCC_WARN_UNDECLARED_SELECTOR = YES;
				GCC_WARN_UNINITIALIZED_AUTOS = YES_AGGRESSIVE;
				GCC_WARN_UNUSED_FUNCTION = YES;
				GCC_WARN_UNUSED_VARIABLE = YES;
				IPHONEOS_DEPLOYMENT_TARGET = 11.3;
				MTL_ENABLE_DEBUG_INFO = NO;
				SDKROOT = iphoneos;
				SWIFT_COMPILATION_MODE = wholemodule;
				SWIFT_OPTIMIZATION_LEVEL = "-O";
				VALIDATE_PRODUCT = YES;
			};
			name = Release;
		};
		232F0B732074A0E800A9813E /* Debug */ = {
			isa = XCBuildConfiguration;
			buildSettings = {
				ASSETCATALOG_COMPILER_APPICON_NAME = AppIcon;
				CODE_SIGN_STYLE = Automatic;
				DEVELOPMENT_TEAM = MHY5H7DURP;
				INFOPLIST_FILE = Album/Info.plist;
				LD_RUNPATH_SEARCH_PATHS = (
					"$(inherited)",
					"@executable_path/Frameworks",
				);
				PRODUCT_BUNDLE_IDENTIFIER = Hutech.Album;
				PRODUCT_NAME = "$(TARGET_NAME)";
				SWIFT_VERSION = 4.0;
				TARGETED_DEVICE_FAMILY = "1,2";
			};
			name = Debug;
		};
		232F0B742074A0E800A9813E /* Release */ = {
			isa = XCBuildConfiguration;
			buildSettings = {
				ASSETCATALOG_COMPILER_APPICON_NAME = AppIcon;
				CODE_SIGN_STYLE = Automatic;
				DEVELOPMENT_TEAM = MHY5H7DURP;
				INFOPLIST_FILE = Album/Info.plist;
				LD_RUNPATH_SEARCH_PATHS = (
					"$(inherited)",
					"@executable_path/Frameworks",
				);
				PRODUCT_BUNDLE_IDENTIFIER = Hutech.Album;
				PRODUCT_NAME = "$(TARGET_NAME)";
				SWIFT_VERSION = 4.0;
				TARGETED_DEVICE_FAMILY = "1,2";
			};
			name = Release;
		};
/* End XCBuildConfiguration section */

/* Begin XCConfigurationList section */
		232F0B5B2074A0E600A9813E /* Build configuration list for PBXProject "Album" */ = {
			isa = XCConfigurationList;
			buildConfigurations = (
				232F0B702074A0E800A9813E /* Debug */,
				232F0B712074A0E800A9813E /* Release */,
			);
			defaultConfigurationIsVisible = 0;
			defaultConfigurationName = Release;
		};
		232F0B722074A0E800A9813E /* Build configuration list for PBXNativeTarget "Album" */ = {
			isa = XCConfigurationList;
			buildConfigurations = (
				232F0B732074A0E800A9813E /* Debug */,
				232F0B742074A0E800A9813E /* Release */,
			);
			defaultConfigurationIsVisible = 0;
			defaultConfigurationName = Release;
		};
/* End XCConfigurationList section */
	};
	rootObject = 232F0B582074A0E600A9813E /* Project object */;
}
